// !$*UTF8*$!
{
	archiveVersion = 1;
	classes = {
	};
	objectVersion = 50;
	objects = {

/* Begin PBXBuildFile section */
		7D8EC885250D282F00EF2C16 /* AppDelegate.swift in Sources */ = {isa = PBXBuildFile; fileRef = 7D8EC884250D282F00EF2C16 /* AppDelegate.swift */; };
		7D8EC887250D282F00EF2C16 /* SceneDelegate.swift in Sources */ = {isa = PBXBuildFile; fileRef = 7D8EC886250D282F00EF2C16 /* SceneDelegate.swift */; };
		7D8EC889250D282F00EF2C16 /* ViewController.swift in Sources */ = {isa = PBXBuildFile; fileRef = 7D8EC888250D282F00EF2C16 /* ViewController.swift */; };
		7D8EC88C250D282F00EF2C16 /* Main.storyboard in Resources */ = {isa = PBXBuildFile; fileRef = 7D8EC88A250D282F00EF2C16 /* Main.storyboard */; };
		7D8EC88E250D283000EF2C16 /* Assets.xcassets in Resources */ = {isa = PBXBuildFile; fileRef = 7D8EC88D250D283000EF2C16 /* Assets.xcassets */; };
		7D8EC891250D283000EF2C16 /* LaunchScreen.storyboard in Resources */ = {isa = PBXBuildFile; fileRef = 7D8EC88F250D283000EF2C16 /* LaunchScreen.storyboard */; };
		7D8EC89C250D283000EF2C16 /* PasswordHackerTests.swift in Sources */ = {isa = PBXBuildFile; fileRef = 7D8EC89B250D283000EF2C16 /* PasswordHackerTests.swift */; };
		7D8EC8A7250D283000EF2C16 /* PasswordHackerUITests.swift in Sources */ = {isa = PBXBuildFile; fileRef = 7D8EC8A6250D283000EF2C16 /* PasswordHackerUITests.swift */; };
/* End PBXBuildFile section */

/* Begin PBXContainerItemProxy section */
		7D8EC898250D283000EF2C16 /* PBXContainerItemProxy */ = {
			isa = PBXContainerItemProxy;
			containerPortal = 7D8EC879250D282F00EF2C16 /* Project object */;
			proxyType = 1;
			remoteGlobalIDString = 7D8EC880250D282F00EF2C16;
			remoteInfo = PasswordHacker;
		};
		7D8EC8A3250D283000EF2C16 /* PBXContainerItemProxy */ = {
			isa = PBXContainerItemProxy;
			containerPortal = 7D8EC879250D282F00EF2C16 /* Project object */;
			proxyType = 1;
			remoteGlobalIDString = 7D8EC880250D282F00EF2C16;
			remoteInfo = PasswordHacker;
		};
/* End PBXContainerItemProxy section */

/* Begin PBXFileReference section */
		7D8EC881250D282F00EF2C16 /* PasswordHacker.app */ = {isa = PBXFileReference; explicitFileType = wrapper.application; includeInIndex = 0; path = PasswordHacker.app; sourceTree = BUILT_PRODUCTS_DIR; };
		7D8EC884250D282F00EF2C16 /* AppDelegate.swift */ = {isa = PBXFileReference; lastKnownFileType = sourcecode.swift; path = AppDelegate.swift; sourceTree = "<group>"; };
		7D8EC886250D282F00EF2C16 /* SceneDelegate.swift */ = {isa = PBXFileReference; lastKnownFileType = sourcecode.swift; path = SceneDelegate.swift; sourceTree = "<group>"; };
		7D8EC888250D282F00EF2C16 /* ViewController.swift */ = {isa = PBXFileReference; lastKnownFileType = sourcecode.swift; path = ViewController.swift; sourceTree = "<group>"; };
		7D8EC88B250D282F00EF2C16 /* Base */ = {isa = PBXFileReference; lastKnownFileType = file.storyboard; name = Base; path = Base.lproj/Main.storyboard; sourceTree = "<group>"; };
		7D8EC88D250D283000EF2C16 /* Assets.xcassets */ = {isa = PBXFileReference; lastKnownFileType = folder.assetcatalog; path = Assets.xcassets; sourceTree = "<group>"; };
		7D8EC890250D283000EF2C16 /* Base */ = {isa = PBXFileReference; lastKnownFileType = file.storyboard; name = Base; path = Base.lproj/LaunchScreen.storyboard; sourceTree = "<group>"; };
		7D8EC892250D283000EF2C16 /* Info.plist */ = {isa = PBXFileReference; lastKnownFileType = text.plist.xml; path = Info.plist; sourceTree = "<group>"; };
		7D8EC897250D283000EF2C16 /* PasswordHackerTests.xctest */ = {isa = PBXFileReference; explicitFileType = wrapper.cfbundle; includeInIndex = 0; path = PasswordHackerTests.xctest; sourceTree = BUILT_PRODUCTS_DIR; };
		7D8EC89B250D283000EF2C16 /* PasswordHackerTests.swift */ = {isa = PBXFileReference; lastKnownFileType = sourcecode.swift; path = PasswordHackerTests.swift; sourceTree = "<group>"; };
		7D8EC89D250D283000EF2C16 /* Info.plist */ = {isa = PBXFileReference; lastKnownFileType = text.plist.xml; path = Info.plist; sourceTree = "<group>"; };
		7D8EC8A2250D283000EF2C16 /* PasswordHackerUITests.xctest */ = {isa = PBXFileReference; explicitFileType = wrapper.cfbundle; includeInIndex = 0; path = PasswordHackerUITests.xctest; sourceTree = BUILT_PRODUCTS_DIR; };
		7D8EC8A6250D283000EF2C16 /* PasswordHackerUITests.swift */ = {isa = PBXFileReference; lastKnownFileType = sourcecode.swift; path = PasswordHackerUITests.swift; sourceTree = "<group>"; };
		7D8EC8A8250D283000EF2C16 /* Info.plist */ = {isa = PBXFileReference; lastKnownFileType = text.plist.xml; path = Info.plist; sourceTree = "<group>"; };
/* End PBXFileReference section */

/* Begin PBXFrameworksBuildPhase section */
		7D8EC87E250D282F00EF2C16 /* Frameworks */ = {
			isa = PBXFrameworksBuildPhase;
			buildActionMask = 2147483647;
			files = (
			);
			runOnlyForDeploymentPostprocessing = 0;
		};
		7D8EC894250D283000EF2C16 /* Frameworks */ = {
			isa = PBXFrameworksBuildPhase;
			buildActionMask = 2147483647;
			files = (
			);
			runOnlyForDeploymentPostprocessing = 0;
		};
		7D8EC89F250D283000EF2C16 /* Frameworks */ = {
			isa = PBXFrameworksBuildPhase;
			buildActionMask = 2147483647;
			files = (
			);
			runOnlyForDeploymentPostprocessing = 0;
		};
/* End PBXFrameworksBuildPhase section */

/* Begin PBXGroup section */
		7D8EC878250D282F00EF2C16 = {
			isa = PBXGroup;
			children = (
				7D8EC883250D282F00EF2C16 /* PasswordHacker */,
				7D8EC89A250D283000EF2C16 /* PasswordHackerTests */,
				7D8EC8A5250D283000EF2C16 /* PasswordHackerUITests */,
				7D8EC882250D282F00EF2C16 /* Products */,
			);
			sourceTree = "<group>";
		};
		7D8EC882250D282F00EF2C16 /* Products */ = {
			isa = PBXGroup;
			children = (
				7D8EC881250D282F00EF2C16 /* PasswordHacker.app */,
				7D8EC897250D283000EF2C16 /* PasswordHackerTests.xctest */,
				7D8EC8A2250D283000EF2C16 /* PasswordHackerUITests.xctest */,
			);
			name = Products;
			sourceTree = "<group>";
		};
		7D8EC883250D282F00EF2C16 /* PasswordHacker */ = {
			isa = PBXGroup;
			children = (
				7D8EC884250D282F00EF2C16 /* AppDelegate.swift */,
				7D8EC886250D282F00EF2C16 /* SceneDelegate.swift */,
				7D8EC888250D282F00EF2C16 /* ViewController.swift */,
				7D8EC88A250D282F00EF2C16 /* Main.storyboard */,
				7D8EC88D250D283000EF2C16 /* Assets.xcassets */,
				7D8EC88F250D283000EF2C16 /* LaunchScreen.storyboard */,
				7D8EC892250D283000EF2C16 /* Info.plist */,
			);
			path = PasswordHacker;
			sourceTree = "<group>";
		};
		7D8EC89A250D283000EF2C16 /* PasswordHackerTests */ = {
			isa = PBXGroup;
			children = (
				7D8EC89B250D283000EF2C16 /* PasswordHackerTests.swift */,
				7D8EC89D250D283000EF2C16 /* Info.plist */,
			);
			path = PasswordHackerTests;
			sourceTree = "<group>";
		};
		7D8EC8A5250D283000EF2C16 /* PasswordHackerUITests */ = {
			isa = PBXGroup;
			children = (
				7D8EC8A6250D283000EF2C16 /* PasswordHackerUITests.swift */,
				7D8EC8A8250D283000EF2C16 /* Info.plist */,
			);
			path = PasswordHackerUITests;
			sourceTree = "<group>";
		};
/* End PBXGroup section */

/* Begin PBXNativeTarget section */
		7D8EC880250D282F00EF2C16 /* PasswordHacker */ = {
			isa = PBXNativeTarget;
			buildConfigurationList = 7D8EC8AB250D283000EF2C16 /* Build configuration list for PBXNativeTarget "PasswordHacker" */;
			buildPhases = (
				7D8EC87D250D282F00EF2C16 /* Sources */,
				7D8EC87E250D282F00EF2C16 /* Frameworks */,
				7D8EC87F250D282F00EF2C16 /* Resources */,
			);
			buildRules = (
			);
			dependencies = (
			);
			name = PasswordHacker;
			productName = PasswordHacker;
			productReference = 7D8EC881250D282F00EF2C16 /* PasswordHacker.app */;
			productType = "com.apple.product-type.application";
		};
		7D8EC896250D283000EF2C16 /* PasswordHackerTests */ = {
			isa = PBXNativeTarget;
			buildConfigurationList = 7D8EC8AE250D283000EF2C16 /* Build configuration list for PBXNativeTarget "PasswordHackerTests" */;
			buildPhases = (
				7D8EC893250D283000EF2C16 /* Sources */,
				7D8EC894250D283000EF2C16 /* Frameworks */,
				7D8EC895250D283000EF2C16 /* Resources */,
			);
			buildRules = (
			);
			dependencies = (
				7D8EC899250D283000EF2C16 /* PBXTargetDependency */,
			);
			name = PasswordHackerTests;
			productName = PasswordHackerTests;
			productReference = 7D8EC897250D283000EF2C16 /* PasswordHackerTests.xctest */;
			productType = "com.apple.product-type.bundle.unit-test";
		};
		7D8EC8A1250D283000EF2C16 /* PasswordHackerUITests */ = {
			isa = PBXNativeTarget;
			buildConfigurationList = 7D8EC8B1250D283000EF2C16 /* Build configuration list for PBXNativeTarget "PasswordHackerUITests" */;
			buildPhases = (
				7D8EC89E250D283000EF2C16 /* Sources */,
				7D8EC89F250D283000EF2C16 /* Frameworks */,
				7D8EC8A0250D283000EF2C16 /* Resources */,
			);
			buildRules = (
			);
			dependencies = (
				7D8EC8A4250D283000EF2C16 /* PBXTargetDependency */,
			);
			name = PasswordHackerUITests;
			productName = PasswordHackerUITests;
			productReference = 7D8EC8A2250D283000EF2C16 /* PasswordHackerUITests.xctest */;
			productType = "com.apple.product-type.bundle.ui-testing";
		};
/* End PBXNativeTarget section */

/* Begin PBXProject section */
		7D8EC879250D282F00EF2C16 /* Project object */ = {
			isa = PBXProject;
			attributes = {
				LastSwiftUpdateCheck = 1130;
				LastUpgradeCheck = 1130;
				ORGANIZATIONNAME = "伊藤　陽香";
				TargetAttributes = {
					7D8EC880250D282F00EF2C16 = {
						CreatedOnToolsVersion = 11.3.1;
					};
					7D8EC896250D283000EF2C16 = {
						CreatedOnToolsVersion = 11.3.1;
						TestTargetID = 7D8EC880250D282F00EF2C16;
					};
					7D8EC8A1250D283000EF2C16 = {
						CreatedOnToolsVersion = 11.3.1;
						TestTargetID = 7D8EC880250D282F00EF2C16;
					};
				};
			};
			buildConfigurationList = 7D8EC87C250D282F00EF2C16 /* Build configuration list for PBXProject "PasswordHacker" */;
			compatibilityVersion = "Xcode 9.3";
			developmentRegion = en;
			hasScannedForEncodings = 0;
			knownRegions = (
				en,
				Base,
			);
			mainGroup = 7D8EC878250D282F00EF2C16;
			productRefGroup = 7D8EC882250D282F00EF2C16 /* Products */;
			projectDirPath = "";
			projectRoot = "";
			targets = (
				7D8EC880250D282F00EF2C16 /* PasswordHacker */,
				7D8EC896250D283000EF2C16 /* PasswordHackerTests */,
				7D8EC8A1250D283000EF2C16 /* PasswordHackerUITests */,
			);
		};
/* End PBXProject section */

/* Begin PBXResourcesBuildPhase section */
		7D8EC87F250D282F00EF2C16 /* Resources */ = {
			isa = PBXResourcesBuildPhase;
			buildActionMask = 2147483647;
			files = (
				7D8EC891250D283000EF2C16 /* LaunchScreen.storyboard in Resources */,
				7D8EC88E250D283000EF2C16 /* Assets.xcassets in Resources */,
				7D8EC88C250D282F00EF2C16 /* Main.storyboard in Resources */,
			);
			runOnlyForDeploymentPostprocessing = 0;
		};
		7D8EC895250D283000EF2C16 /* Resources */ = {
			isa = PBXResourcesBuildPhase;
			buildActionMask = 2147483647;
			files = (
			);
			runOnlyForDeploymentPostprocessing = 0;
		};
		7D8EC8A0250D283000EF2C16 /* Resources */ = {
			isa = PBXResourcesBuildPhase;
			buildActionMask = 2147483647;
			files = (
			);
			runOnlyForDeploymentPostprocessing = 0;
		};
/* End PBXResourcesBuildPhase section */

/* Begin PBXSourcesBuildPhase section */
		7D8EC87D250D282F00EF2C16 /* Sources */ = {
			isa = PBXSourcesBuildPhase;
			buildActionMask = 2147483647;
			files = (
				7D8EC889250D282F00EF2C16 /* ViewController.swift in Sources */,
				7D8EC885250D282F00EF2C16 /* AppDelegate.swift in Sources */,
				7D8EC887250D282F00EF2C16 /* SceneDelegate.swift in Sources */,
			);
			runOnlyForDeploymentPostprocessing = 0;
		};
		7D8EC893250D283000EF2C16 /* Sources */ = {
			isa = PBXSourcesBuildPhase;
			buildActionMask = 2147483647;
			files = (
				7D8EC89C250D283000EF2C16 /* PasswordHackerTests.swift in Sources */,
			);
			runOnlyForDeploymentPostprocessing = 0;
		};
		7D8EC89E250D283000EF2C16 /* Sources */ = {
			isa = PBXSourcesBuildPhase;
			buildActionMask = 2147483647;
			files = (
				7D8EC8A7250D283000EF2C16 /* PasswordHackerUITests.swift in Sources */,
			);
			runOnlyForDeploymentPostprocessing = 0;
		};
/* End PBXSourcesBuildPhase section */

/* Begin PBXTargetDependency section */
		7D8EC899250D283000EF2C16 /* PBXTargetDependency */ = {
			isa = PBXTargetDependency;
			target = 7D8EC880250D282F00EF2C16 /* PasswordHacker */;
			targetProxy = 7D8EC898250D283000EF2C16 /* PBXContainerItemProxy */;
		};
		7D8EC8A4250D283000EF2C16 /* PBXTargetDependency */ = {
			isa = PBXTargetDependency;
			target = 7D8EC880250D282F00EF2C16 /* PasswordHacker */;
			targetProxy = 7D8EC8A3250D283000EF2C16 /* PBXContainerItemProxy */;
		};
/* End PBXTargetDependency section */

/* Begin PBXVariantGroup section */
		7D8EC88A250D282F00EF2C16 /* Main.storyboard */ = {
			isa = PBXVariantGroup;
			children = (
				7D8EC88B250D282F00EF2C16 /* Base */,
			);
			name = Main.storyboard;
			sourceTree = "<group>";
		};
		7D8EC88F250D283000EF2C16 /* LaunchScreen.storyboard */ = {
			isa = PBXVariantGroup;
			children = (
				7D8EC890250D283000EF2C16 /* Base */,
			);
			name = LaunchScreen.storyboard;
			sourceTree = "<group>";
		};
/* End PBXVariantGroup section */

/* Begin XCBuildConfiguration section */
		7D8EC8A9250D283000EF2C16 /* Debug */ = {
			isa = XCBuildConfiguration;
			buildSettings = {
				ALWAYS_SEARCH_USER_PATHS = NO;
				CLANG_ANALYZER_NONNULL = YES;
				CLANG_ANALYZER_NUMBER_OBJECT_CONVERSION = YES_AGGRESSIVE;
				CLANG_CXX_LANGUAGE_STANDARD = "gnu++14";
				CLANG_CXX_LIBRARY = "libc++";
				CLANG_ENABLE_MODULES = YES;
				CLANG_ENABLE_OBJC_ARC = YES;
				CLANG_ENABLE_OBJC_WEAK = YES;
				CLANG_WARN_BLOCK_CAPTURE_AUTORELEASING = YES;
				CLANG_WARN_BOOL_CONVERSION = YES;
				CLANG_WARN_COMMA = YES;
				CLANG_WARN_CONSTANT_CONVERSION = YES;
				CLANG_WARN_DEPRECATED_OBJC_IMPLEMENTATIONS = YES;
				CLANG_WARN_DIRECT_OBJC_ISA_USAGE = YES_ERROR;
				CLANG_WARN_DOCUMENTATION_COMMENTS = YES;
				CLANG_WARN_EMPTY_BODY = YES;
				CLANG_WARN_ENUM_CONVERSION = YES;
				CLANG_WARN_INFINITE_RECURSION = YES;
				CLANG_WARN_INT_CONVERSION = YES;
				CLANG_WARN_NON_LITERAL_NULL_CONVERSION = YES;
				CLANG_WARN_OBJC_IMPLICIT_RETAIN_SELF = YES;
				CLANG_WARN_OBJC_LITERAL_CONVERSION = YES;
				CLANG_WARN_OBJC_ROOT_CLASS = YES_ERROR;
				CLANG_WARN_RANGE_LOOP_ANALYSIS = YES;
				CLANG_WARN_STRICT_PROTOTYPES = YES;
				CLANG_WARN_SUSPICIOUS_MOVE = YES;
				CLANG_WARN_UNGUARDED_AVAILABILITY = YES_AGGRESSIVE;
				CLANG_WARN_UNREACHABLE_CODE = YES;
				CLANG_WARN__DUPLICATE_METHOD_MATCH = YES;
				COPY_PHASE_STRIP = NO;
				DEBUG_INFORMATION_FORMAT = dwarf;
				ENABLE_STRICT_OBJC_MSGSEND = YES;
				ENABLE_TESTABILITY = YES;
				GCC_C_LANGUAGE_STANDARD = gnu11;
				GCC_DYNAMIC_NO_PIC = NO;
				GCC_NO_COMMON_BLOCKS = YES;
				GCC_OPTIMIZATION_LEVEL = 0;
				GCC_PREPROCESSOR_DEFINITIONS = (
					"DEBUG=1",
					"$(inherited)",
				);
				GCC_WARN_64_TO_32_BIT_CONVERSION = YES;
				GCC_WARN_ABOUT_RETURN_TYPE = YES_ERROR;
				GCC_WARN_UNDECLARED_SELECTOR = YES;
				GCC_WARN_UNINITIALIZED_AUTOS = YES_AGGRESSIVE;
				GCC_WARN_UNUSED_FUNCTION = YES;
				GCC_WARN_UNUSED_VARIABLE = YES;
				IPHONEOS_DEPLOYMENT_TARGET = 13.2;
				MTL_ENABLE_DEBUG_INFO = INCLUDE_SOURCE;
				MTL_FAST_MATH = YES;
				ONLY_ACTIVE_ARCH = YES;
				SDKROOT = iphoneos;
				SWIFT_ACTIVE_COMPILATION_CONDITIONS = DEBUG;
				SWIFT_OPTIMIZATION_LEVEL = "-Onone";
			};
			name = Debug;
		};
		7D8EC8AA250D283000EF2C16 /* Release */ = {
			isa = XCBuildConfiguration;
			buildSettings = {
				ALWAYS_SEARCH_USER_PATHS = NO;
				CLANG_ANALYZER_NONNULL = YES;
				CLANG_ANALYZER_NUMBER_OBJECT_CONVERSION = YES_AGGRESSIVE;
				CLANG_CXX_LANGUAGE_STANDARD = "gnu++14";
				CLANG_CXX_LIBRARY = "libc++";
				CLANG_ENABLE_MODULES = YES;
				CLANG_ENABLE_OBJC_ARC = YES;
				CLANG_ENABLE_OBJC_WEAK = YES;
				CLANG_WARN_BLOCK_CAPTURE_AUTORELEASING = YES;
				CLANG_WARN_BOOL_CONVERSION = YES;
				CLANG_WARN_COMMA = YES;
				CLANG_WARN_CONSTANT_CONVERSION = YES;
				CLANG_WARN_DEPRECATED_OBJC_IMPLEMENTATIONS = YES;
				CLANG_WARN_DIRECT_OBJC_ISA_USAGE = YES_ERROR;
				CLANG_WARN_DOCUMENTATION_COMMENTS = YES;
				CLANG_WARN_EMPTY_BODY = YES;
				CLANG_WARN_ENUM_CONVERSION = YES;
				CLANG_WARN_INFINITE_RECURSION = YES;
				CLANG_WARN_INT_CONVERSION = YES;
				CLANG_WARN_NON_LITERAL_NULL_CONVERSION = YES;
				CLANG_WARN_OBJC_IMPLICIT_RETAIN_SELF = YES;
				CLANG_WARN_OBJC_LITERAL_CONVERSION = YES;
				CLANG_WARN_OBJC_ROOT_CLASS = YES_ERROR;
				CLANG_WARN_RANGE_LOOP_ANALYSIS = YES;
				CLANG_WARN_STRICT_PROTOTYPES = YES;
				CLANG_WARN_SUSPICIOUS_MOVE = YES;
				CLANG_WARN_UNGUARDED_AVAILABILITY = YES_AGGRESSIVE;
				CLANG_WARN_UNREACHABLE_CODE = YES;
				CLANG_WARN__DUPLICATE_METHOD_MATCH = YES;
				COPY_PHASE_STRIP = NO;
				DEBUG_INFORMATION_FORMAT = "dwarf-with-dsym";
				ENABLE_NS_ASSERTIONS = NO;
				ENABLE_STRICT_OBJC_MSGSEND = YES;
				GCC_C_LANGUAGE_STANDARD = gnu11;
				GCC_NO_COMMON_BLOCKS = YES;
				GCC_WARN_64_TO_32_BIT_CONVERSION = YES;
				GCC_WARN_ABOUT_RETURN_TYPE = YES_ERROR;
				GCC_WARN_UNDECLARED_SELECTOR = YES;
				GCC_WARN_UNINITIALIZED_AUTOS = YES_AGGRESSIVE;
				GCC_WARN_UNUSED_FUNCTION = YES;
				GCC_WARN_UNUSED_VARIABLE = YES;
				IPHONEOS_DEPLOYMENT_TARGET = 13.2;
				MTL_ENABLE_DEBUG_INFO = NO;
				MTL_FAST_MATH = YES;
				SDKROOT = iphoneos;
				SWIFT_COMPILATION_MODE = wholemodule;
				SWIFT_OPTIMIZATION_LEVEL = "-O";
				VALIDATE_PRODUCT = YES;
			};
			name = Release;
		};
		7D8EC8AC250D283000EF2C16 /* Debug */ = {
			isa = XCBuildConfiguration;
			buildSettings = {
				ASSETCATALOG_COMPILER_APPICON_NAME = AppIcon;
				CODE_SIGN_STYLE = Automatic;
				INFOPLIST_FILE = PasswordHacker/Info.plist;
				LD_RUNPATH_SEARCH_PATHS = (
					"$(inherited)",
					"@executable_path/Frameworks",
				);
				PRODUCT_BUNDLE_IDENTIFIER = com.litech.PasswordHacker;
				PRODUCT_NAME = "$(TARGET_NAME)";
				SWIFT_VERSION = 5.0;
				TARGETED_DEVICE_FAMILY = "1,2";
			};
			name = Debug;
		};
		7D8EC8AD250D283000EF2C16 /* Release */ = {
			isa = XCBuildConfiguration;
			buildSettings = {
				ASSETCATALOG_COMPILER_APPICON_NAME = AppIcon;
				CODE_SIGN_STYLE = Automatic;
				INFOPLIST_FILE = PasswordHacker/Info.plist;
				LD_RUNPATH_SEARCH_PATHS = (
					"$(inherited)",
					"@executable_path/Frameworks",
				);
				PRODUCT_BUNDLE_IDENTIFIER = com.litech.PasswordHacker;
				PRODUCT_NAME = "$(TARGET_NAME)";
				SWIFT_VERSION = 5.0;
				TARGETED_DEVICE_FAMILY = "1,2";
			};
			name = Release;
		};
		7D8EC8AF250D283000EF2C16 /* Debug */ = {
			isa = XCBuildConfiguration;
			buildSettings = {
				ALWAYS_EMBED_SWIFT_STANDARD_LIBRARIES = YES;
				BUNDLE_LOADER = "$(TEST_HOST)";
				CODE_SIGN_STYLE = Automatic;
				INFOPLIST_FILE = PasswordHackerTests/Info.plist;
				IPHONEOS_DEPLOYMENT_TARGET = 13.2;
				LD_RUNPATH_SEARCH_PATHS = (
					"$(inherited)",
					"@executable_path/Frameworks",
					"@loader_path/Frameworks",
				);
				PRODUCT_BUNDLE_IDENTIFIER = com.litech.PasswordHackerTests;
				PRODUCT_NAME = "$(TARGET_NAME)";
				SWIFT_VERSION = 5.0;
				TARGETED_DEVICE_FAMILY = "1,2";
				TEST_HOST = "$(BUILT_PRODUCTS_DIR)/PasswordHacker.app/PasswordHacker";
			};
			name = Debug;
		};
		7D8EC8B0250D283000EF2C16 /* Release */ = {
			isa = XCBuildConfiguration;
			buildSettings = {
				ALWAYS_EMBED_SWIFT_STANDARD_LIBRARIES = YES;
				BUNDLE_LOADER = "$(TEST_HOST)";
				CODE_SIGN_STYLE = Automatic;
				INFOPLIST_FILE = PasswordHackerTests/Info.plist;
				IPHONEOS_DEPLOYMENT_TARGET = 13.2;
				LD_RUNPATH_SEARCH_PATHS = (
					"$(inherited)",
					"@executable_path/Frameworks",
					"@loader_path/Frameworks",
				);
				PRODUCT_BUNDLE_IDENTIFIER = com.litech.PasswordHackerTests;
				PRODUCT_NAME = "$(TARGET_NAME)";
				SWIFT_VERSION = 5.0;
				TARGETED_DEVICE_FAMILY = "1,2";
				TEST_HOST = "$(BUILT_PRODUCTS_DIR)/PasswordHacker.app/PasswordHacker";
			};
			name = Release;
		};
		7D8EC8B2250D283000EF2C16 /* Debug */ = {
			isa = XCBuildConfiguration;
			buildSettings = {
				ALWAYS_EMBED_SWIFT_STANDARD_LIBRARIES = YES;
				CODE_SIGN_STYLE = Automatic;
				INFOPLIST_FILE = PasswordHackerUITests/Info.plist;
				LD_RUNPATH_SEARCH_PATHS = (
					"$(inherited)",
					"@executable_path/Frameworks",
					"@loader_path/Frameworks",
				);
				PRODUCT_BUNDLE_IDENTIFIER = com.litech.PasswordHackerUITests;
				PRODUCT_NAME = "$(TARGET_NAME)";
				SWIFT_VERSION = 5.0;
				TARGETED_DEVICE_FAMILY = "1,2";
				TEST_TARGET_NAME = PasswordHacker;
			};
			name = Debug;
		};
		7D8EC8B3250D283000EF2C16 /* Release */ = {
			isa = XCBuildConfiguration;
			buildSettings = {
				ALWAYS_EMBED_SWIFT_STANDARD_LIBRARIES = YES;
				CODE_SIGN_STYLE = Automatic;
				INFOPLIST_FILE = PasswordHackerUITests/Info.plist;
				LD_RUNPATH_SEARCH_PATHS = (
					"$(inherited)",
					"@executable_path/Frameworks",
					"@loader_path/Frameworks",
				);
				PRODUCT_BUNDLE_IDENTIFIER = com.litech.PasswordHackerUITests;
				PRODUCT_NAME = "$(TARGET_NAME)";
				SWIFT_VERSION = 5.0;
				TARGETED_DEVICE_FAMILY = "1,2";
				TEST_TARGET_NAME = PasswordHacker;
			};
			name = Release;
		};
/* End XCBuildConfiguration section */

/* Begin XCConfigurationList section */
		7D8EC87C250D282F00EF2C16 /* Build configuration list for PBXProject "PasswordHacker" */ = {
			isa = XCConfigurationList;
			buildConfigurations = (
				7D8EC8A9250D283000EF2C16 /* Debug */,
				7D8EC8AA250D283000EF2C16 /* Release */,
			);
			defaultConfigurationIsVisible = 0;
			defaultConfigurationName = Release;
		};
		7D8EC8AB250D283000EF2C16 /* Build configuration list for PBXNativeTarget "PasswordHacker" */ = {
			isa = XCConfigurationList;
			buildConfigurations = (
				7D8EC8AC250D283000EF2C16 /* Debug */,
				7D8EC8AD250D283000EF2C16 /* Release */,
			);
			defaultConfigurationIsVisible = 0;
			defaultConfigurationName = Release;
		};
		7D8EC8AE250D283000EF2C16 /* Build configuration list for PBXNativeTarget "PasswordHackerTests" */ = {
			isa = XCConfigurationList;
			buildConfigurations = (
				7D8EC8AF250D283000EF2C16 /* Debug */,
				7D8EC8B0250D283000EF2C16 /* Release */,
			);
			defaultConfigurationIsVisible = 0;
			defaultConfigurationName = Release;
		};
		7D8EC8B1250D283000EF2C16 /* Build configuration list for PBXNativeTarget "PasswordHackerUITests" */ = {
			isa = XCConfigurationList;
			buildConfigurations = (
				7D8EC8B2250D283000EF2C16 /* Debug */,
				7D8EC8B3250D283000EF2C16 /* Release */,
			);
			defaultConfigurationIsVisible = 0;
			defaultConfigurationName = Release;
		};
/* End XCConfigurationList section */
	};
	rootObject = 7D8EC879250D282F00EF2C16 /* Project object */;
}
